
Microsoft Visual Studio Solution File, Format Version 12.00
# Visual Studio 15
VisualStudioVersion = 15.0.28307.779
MinimumVisualStudioVersion = 10.0.40219.1
Project("{8BC9CEB8-8B4A-11D0-8D11-00A0C91BC942}") = "yarmproxy", "yarmproxy.vcxproj", "{AE08FDE3-1898-4EE0-94CB-A6544EF0D25B}"
EndProject
Global
	GlobalSection(SolutionConfigurationPlatforms) = preSolution
		Debug|x64 = Debug|x64
		Release|x64 = Release|x64
	EndGlobalSection
	GlobalSection(ProjectConfigurationPlatforms) = postSolution
		{AE08FDE3-1898-4EE0-94CB-A6544EF0D25B}.Debug|x64.ActiveCfg = Debug|x64
		{AE08FDE3-1898-4EE0-94CB-A6544EF0D25B}.Debug|x64.Build.0 = Debug|x64
		{AE08FDE3-1898-4EE0-94CB-A6544EF0D25B}.Release|x64.ActiveCfg = Debug|x64
		{AE08FDE3-1898-4EE0-94CB-A6544EF0D25B}.Release|x64.Build.0 = Debug|x64
	EndGlobalSection
	GlobalSection(SolutionProperties) = preSolution
		HideSolutionNode = FALSE
	EndGlobalSection
	GlobalSection(ExtensibilityGlobals) = postSolution
		SolutionGuid = {F7844922-51C9-4281-80BF-B93CFDA981CE}
	EndGlobalSection
EndGlobal
